
Microsoft Visual Studio Solution File, Format Version 12.00
# Visual Studio Version 17
VisualStudioVersion = 17.3.32922.545
MinimumVisualStudioVersion = 10.0.40219.1
Project("{FAE04EC0-301F-11D3-BF4B-00C04F79EFBC}") = "alexander", "alexander\alexander.csproj", "{06410E48-A388-4E14-98F2-C06A8244923C}"
EndProject
Global
	GlobalSection(SolutionConfigurationPlatforms) = preSolution
		Debug|Any CPU = Debug|Any CPU
		Release|Any CPU = Release|Any CPU
	EndGlobalSection
	GlobalSection(ProjectConfigurationPlatforms) = postSolution
		{06410E48-A388-4E14-98F2-C06A8244923C}.Debug|Any CPU.ActiveCfg = Debug|Any CPU
		{06410E48-A388-4E14-98F2-C06A8244923C}.Debug|Any CPU.Build.0 = Debug|Any CPU
		{06410E48-A388-4E14-98F2-C06A8244923C}.Release|Any CPU.ActiveCfg = Release|Any CPU
		{06410E48-A388-4E14-98F2-C06A8244923C}.Release|Any CPU.Build.0 = Release|Any CPU
	EndGlobalSection
	GlobalSection(SolutionProperties) = preSolution
		HideSolutionNode = FALSE
	EndGlobalSection
	GlobalSection(ExtensibilityGlobals) = postSolution
		SolutionGuid = {4240C076-2B27-4977-8BFB-290F0CD0E86C}
	EndGlobalSection
EndGlobal
